// !$*UTF8*$!
{
	archiveVersion = 1;
	classes = {
	};
	objectVersion = 46;
	objects = {

/* Begin PBXBuildFile section */
		0E7FEAD219472D29006603A6 /* Foundation.framework in Frameworks */ = {isa = PBXBuildFile; fileRef = 0E7FEAD119472D29006603A6 /* Foundation.framework */; };
		0E7FEAD419472D29006603A6 /* CoreGraphics.framework in Frameworks */ = {isa = PBXBuildFile; fileRef = 0E7FEAD319472D29006603A6 /* CoreGraphics.framework */; };
		0E7FEAD619472D29006603A6 /* UIKit.framework in Frameworks */ = {isa = PBXBuildFile; fileRef = 0E7FEAD519472D29006603A6 /* UIKit.framework */; };
		0E7FEADC19472D29006603A6 /* InfoPlist.strings in Resources */ = {isa = PBXBuildFile; fileRef = 0E7FEADA19472D29006603A6 /* InfoPlist.strings */; };
		0E7FEADE19472D29006603A6 /* main.m in Sources */ = {isa = PBXBuildFile; fileRef = 0E7FEADD19472D29006603A6 /* main.m */; };
		0E7FEAE219472D29006603A6 /* SchUrlAppDelegate.m in Sources */ = {isa = PBXBuildFile; fileRef = 0E7FEAE119472D29006603A6 /* SchUrlAppDelegate.m */; };
		0E7FEAE519472D29006603A6 /* Main.storyboard in Resources */ = {isa = PBXBuildFile; fileRef = 0E7FEAE319472D29006603A6 /* Main.storyboard */; };
		0E7FEAE819472D29006603A6 /* SchUrlViewController.m in Sources */ = {isa = PBXBuildFile; fileRef = 0E7FEAE719472D29006603A6 /* SchUrlViewController.m */; };
		0E7FEAEA19472D29006603A6 /* Images.xcassets in Resources */ = {isa = PBXBuildFile; fileRef = 0E7FEAE919472D29006603A6 /* Images.xcassets */; };
		0E7FEAF119472D29006603A6 /* XCTest.framework in Frameworks */ = {isa = PBXBuildFile; fileRef = 0E7FEAF019472D29006603A6 /* XCTest.framework */; };
		0E7FEAF219472D29006603A6 /* Foundation.framework in Frameworks */ = {isa = PBXBuildFile; fileRef = 0E7FEAD119472D29006603A6 /* Foundation.framework */; };
		0E7FEAF319472D29006603A6 /* UIKit.framework in Frameworks */ = {isa = PBXBuildFile; fileRef = 0E7FEAD519472D29006603A6 /* UIKit.framework */; };
		0E7FEAFB19472D29006603A6 /* InfoPlist.strings in Resources */ = {isa = PBXBuildFile; fileRef = 0E7FEAF919472D29006603A6 /* InfoPlist.strings */; };
		0E7FEAFD19472D29006603A6 /* SchUrlTests.m in Sources */ = {isa = PBXBuildFile; fileRef = 0E7FEAFC19472D29006603A6 /* SchUrlTests.m */; };
/* End PBXBuildFile section */

/* Begin PBXContainerItemProxy section */
		0E7FEAF419472D29006603A6 /* PBXContainerItemProxy */ = {
			isa = PBXContainerItemProxy;
			containerPortal = 0E7FEAC619472D29006603A6 /* Project object */;
			proxyType = 1;
			remoteGlobalIDString = 0E7FEACD19472D29006603A6;
			remoteInfo = SchUrl;
		};
/* End PBXContainerItemProxy section */

/* Begin PBXFileReference section */
		0E7FEACE19472D29006603A6 /* SchUrl.app */ = {isa = PBXFileReference; explicitFileType = wrapper.application; includeInIndex = 0; path = SchUrl.app; sourceTree = BUILT_PRODUCTS_DIR; };
		0E7FEAD119472D29006603A6 /* Foundation.framework */ = {isa = PBXFileReference; lastKnownFileType = wrapper.framework; name = Foundation.framework; path = System/Library/Frameworks/Foundation.framework; sourceTree = SDKROOT; };
		0E7FEAD319472D29006603A6 /* CoreGraphics.framework */ = {isa = PBXFileReference; lastKnownFileType = wrapper.framework; name = CoreGraphics.framework; path = System/Library/Frameworks/CoreGraphics.framework; sourceTree = SDKROOT; };
		0E7FEAD519472D29006603A6 /* UIKit.framework */ = {isa = PBXFileReference; lastKnownFileType = wrapper.framework; name = UIKit.framework; path = System/Library/Frameworks/UIKit.framework; sourceTree = SDKROOT; };
		0E7FEAD919472D29006603A6 /* SchUrl-Info.plist */ = {isa = PBXFileReference; lastKnownFileType = text.plist.xml; path = "SchUrl-Info.plist"; sourceTree = "<group>"; };
		0E7FEADB19472D29006603A6 /* en */ = {isa = PBXFileReference; lastKnownFileType = text.plist.strings; name = en; path = en.lproj/InfoPlist.strings; sourceTree = "<group>"; };
		0E7FEADD19472D29006603A6 /* main.m */ = {isa = PBXFileReference; lastKnownFileType = sourcecode.c.objc; path = main.m; sourceTree = "<group>"; };
		0E7FEADF19472D29006603A6 /* SchUrl-Prefix.pch */ = {isa = PBXFileReference; lastKnownFileType = sourcecode.c.h; path = "SchUrl-Prefix.pch"; sourceTree = "<group>"; };
		0E7FEAE019472D29006603A6 /* SchUrlAppDelegate.h */ = {isa = PBXFileReference; lastKnownFileType = sourcecode.c.h; path = SchUrlAppDelegate.h; sourceTree = "<group>"; };
		0E7FEAE119472D29006603A6 /* SchUrlAppDelegate.m */ = {isa = PBXFileReference; lastKnownFileType = sourcecode.c.objc; path = SchUrlAppDelegate.m; sourceTree = "<group>"; };
		0E7FEAE419472D29006603A6 /* Base */ = {isa = PBXFileReference; lastKnownFileType = file.storyboard; name = Base; path = Base.lproj/Main.storyboard; sourceTree = "<group>"; };
		0E7FEAE619472D29006603A6 /* SchUrlViewController.h */ = {isa = PBXFileReference; lastKnownFileType = sourcecode.c.h; path = SchUrlViewController.h; sourceTree = "<group>"; };
		0E7FEAE719472D29006603A6 /* SchUrlViewController.m */ = {isa = PBXFileReference; lastKnownFileType = sourcecode.c.objc; path = SchUrlViewController.m; sourceTree = "<group>"; };
		0E7FEAE919472D29006603A6 /* Images.xcassets */ = {isa = PBXFileReference; lastKnownFileType = folder.assetcatalog; path = Images.xcassets; sourceTree = "<group>"; };
		0E7FEAEF19472D29006603A6 /* SchUrlTests.xctest */ = {isa = PBXFileReference; explicitFileType = wrapper.cfbundle; includeInIndex = 0; path = SchUrlTests.xctest; sourceTree = BUILT_PRODUCTS_DIR; };
		0E7FEAF019472D29006603A6 /* XCTest.framework */ = {isa = PBXFileReference; lastKnownFileType = wrapper.framework; name = XCTest.framework; path = Library/Frameworks/XCTest.framework; sourceTree = DEVELOPER_DIR; };
		0E7FEAF819472D29006603A6 /* SchUrlTests-Info.plist */ = {isa = PBXFileReference; lastKnownFileType = text.plist.xml; path = "SchUrlTests-Info.plist"; sourceTree = "<group>"; };
		0E7FEAFA19472D29006603A6 /* en */ = {isa = PBXFileReference; lastKnownFileType = text.plist.strings; name = en; path = en.lproj/InfoPlist.strings; sourceTree = "<group>"; };
		0E7FEAFC19472D29006603A6 /* SchUrlTests.m */ = {isa = PBXFileReference; lastKnownFileType = sourcecode.c.objc; path = SchUrlTests.m; sourceTree = "<group>"; };
/* End PBXFileReference section */

/* Begin PBXFrameworksBuildPhase section */
		0E7FEACB19472D29006603A6 /* Frameworks */ = {
			isa = PBXFrameworksBuildPhase;
			buildActionMask = 2147483647;
			files = (
				0E7FEAD419472D29006603A6 /* CoreGraphics.framework in Frameworks */,
				0E7FEAD619472D29006603A6 /* UIKit.framework in Frameworks */,
				0E7FEAD219472D29006603A6 /* Foundation.framework in Frameworks */,
			);
			runOnlyForDeploymentPostprocessing = 0;
		};
		0E7FEAEC19472D29006603A6 /* Frameworks */ = {
			isa = PBXFrameworksBuildPhase;
			buildActionMask = 2147483647;
			files = (
				0E7FEAF119472D29006603A6 /* XCTest.framework in Frameworks */,
				0E7FEAF319472D29006603A6 /* UIKit.framework in Frameworks */,
				0E7FEAF219472D29006603A6 /* Foundation.framework in Frameworks */,
			);
			runOnlyForDeploymentPostprocessing = 0;
		};
/* End PBXFrameworksBuildPhase section */

/* Begin PBXGroup section */
		0E7FEAC519472D29006603A6 = {
			isa = PBXGroup;
			children = (
				0E7FEAD719472D29006603A6 /* SchUrl */,
				0E7FEAF619472D29006603A6 /* SchUrlTests */,
				0E7FEAD019472D29006603A6 /* Frameworks */,
				0E7FEACF19472D29006603A6 /* Products */,
			);
			sourceTree = "<group>";
		};
		0E7FEACF19472D29006603A6 /* Products */ = {
			isa = PBXGroup;
			children = (
				0E7FEACE19472D29006603A6 /* SchUrl.app */,
				0E7FEAEF19472D29006603A6 /* SchUrlTests.xctest */,
			);
			name = Products;
			sourceTree = "<group>";
		};
		0E7FEAD019472D29006603A6 /* Frameworks */ = {
			isa = PBXGroup;
			children = (
				0E7FEAD119472D29006603A6 /* Foundation.framework */,
				0E7FEAD319472D29006603A6 /* CoreGraphics.framework */,
				0E7FEAD519472D29006603A6 /* UIKit.framework */,
				0E7FEAF019472D29006603A6 /* XCTest.framework */,
			);
			name = Frameworks;
			sourceTree = "<group>";
		};
		0E7FEAD719472D29006603A6 /* SchUrl */ = {
			isa = PBXGroup;
			children = (
				0E7FEAE019472D29006603A6 /* SchUrlAppDelegate.h */,
				0E7FEAE119472D29006603A6 /* SchUrlAppDelegate.m */,
				0E7FEAE319472D29006603A6 /* Main.storyboard */,
				0E7FEAE619472D29006603A6 /* SchUrlViewController.h */,
				0E7FEAE719472D29006603A6 /* SchUrlViewController.m */,
				0E7FEAE919472D29006603A6 /* Images.xcassets */,
				0E7FEAD819472D29006603A6 /* Supporting Files */,
			);
			path = SchUrl;
			sourceTree = "<group>";
		};
		0E7FEAD819472D29006603A6 /* Supporting Files */ = {
			isa = PBXGroup;
			children = (
				0E7FEAD919472D29006603A6 /* SchUrl-Info.plist */,
				0E7FEADA19472D29006603A6 /* InfoPlist.strings */,
				0E7FEADD19472D29006603A6 /* main.m */,
				0E7FEADF19472D29006603A6 /* SchUrl-Prefix.pch */,
			);
			name = "Supporting Files";
			sourceTree = "<group>";
		};
		0E7FEAF619472D29006603A6 /* SchUrlTests */ = {
			isa = PBXGroup;
			children = (
				0E7FEAFC19472D29006603A6 /* SchUrlTests.m */,
				0E7FEAF719472D29006603A6 /* Supporting Files */,
			);
			path = SchUrlTests;
			sourceTree = "<group>";
		};
		0E7FEAF719472D29006603A6 /* Supporting Files */ = {
			isa = PBXGroup;
			children = (
				0E7FEAF819472D29006603A6 /* SchUrlTests-Info.plist */,
				0E7FEAF919472D29006603A6 /* InfoPlist.strings */,
			);
			name = "Supporting Files";
			sourceTree = "<group>";
		};
/* End PBXGroup section */

/* Begin PBXNativeTarget section */
		0E7FEACD19472D29006603A6 /* SchUrl */ = {
			isa = PBXNativeTarget;
			buildConfigurationList = 0E7FEB0019472D29006603A6 /* Build configuration list for PBXNativeTarget "SchUrl" */;
			buildPhases = (
				0E7FEACA19472D29006603A6 /* Sources */,
				0E7FEACB19472D29006603A6 /* Frameworks */,
				0E7FEACC19472D29006603A6 /* Resources */,
			);
			buildRules = (
			);
			dependencies = (
			);
			name = SchUrl;
			productName = SchUrl;
			productReference = 0E7FEACE19472D29006603A6 /* SchUrl.app */;
			productType = "com.apple.product-type.application";
		};
		0E7FEAEE19472D29006603A6 /* SchUrlTests */ = {
			isa = PBXNativeTarget;
			buildConfigurationList = 0E7FEB0319472D29006603A6 /* Build configuration list for PBXNativeTarget "SchUrlTests" */;
			buildPhases = (
				0E7FEAEB19472D29006603A6 /* Sources */,
				0E7FEAEC19472D29006603A6 /* Frameworks */,
				0E7FEAED19472D29006603A6 /* Resources */,
			);
			buildRules = (
			);
			dependencies = (
				0E7FEAF519472D29006603A6 /* PBXTargetDependency */,
			);
			name = SchUrlTests;
			productName = SchUrlTests;
			productReference = 0E7FEAEF19472D29006603A6 /* SchUrlTests.xctest */;
			productType = "com.apple.product-type.bundle.unit-test";
		};
/* End PBXNativeTarget section */

/* Begin PBXProject section */
		0E7FEAC619472D29006603A6 /* Project object */ = {
			isa = PBXProject;
			attributes = {
				CLASSPREFIX = SchUrl;
				LastUpgradeCheck = 0510;
				ORGANIZATIONNAME = jiazhaoyang;
				TargetAttributes = {
					0E7FEAEE19472D29006603A6 = {
						TestTargetID = 0E7FEACD19472D29006603A6;
					};
				};
			};
			buildConfigurationList = 0E7FEAC919472D29006603A6 /* Build configuration list for PBXProject "SchUrl" */;
			compatibilityVersion = "Xcode 3.2";
			developmentRegion = English;
			hasScannedForEncodings = 0;
			knownRegions = (
				en,
				Base,
			);
			mainGroup = 0E7FEAC519472D29006603A6;
			productRefGroup = 0E7FEACF19472D29006603A6 /* Products */;
			projectDirPath = "";
			projectRoot = "";
			targets = (
				0E7FEACD19472D29006603A6 /* SchUrl */,
				0E7FEAEE19472D29006603A6 /* SchUrlTests */,
			);
		};
/* End PBXProject section */

/* Begin PBXResourcesBuildPhase section */
		0E7FEACC19472D29006603A6 /* Resources */ = {
			isa = PBXResourcesBuildPhase;
			buildActionMask = 2147483647;
			files = (
				0E7FEAEA19472D29006603A6 /* Images.xcassets in Resources */,
				0E7FEADC19472D29006603A6 /* InfoPlist.strings in Resources */,
				0E7FEAE519472D29006603A6 /* Main.storyboard in Resources */,
			);
			runOnlyForDeploymentPostprocessing = 0;
		};
		0E7FEAED19472D29006603A6 /* Resources */ = {
			isa = PBXResourcesBuildPhase;
			buildActionMask = 2147483647;
			files = (
				0E7FEAFB19472D29006603A6 /* InfoPlist.strings in Resources */,
			);
			runOnlyForDeploymentPostprocessing = 0;
		};
/* End PBXResourcesBuildPhase section */

/* Begin PBXSourcesBuildPhase section */
		0E7FEACA19472D29006603A6 /* Sources */ = {
			isa = PBXSourcesBuildPhase;
			buildActionMask = 2147483647;
			files = (
				0E7FEADE19472D29006603A6 /* main.m in Sources */,
				0E7FEAE219472D29006603A6 /* SchUrlAppDelegate.m in Sources */,
				0E7FEAE819472D29006603A6 /* SchUrlViewController.m in Sources */,
			);
			runOnlyForDeploymentPostprocessing = 0;
		};
		0E7FEAEB19472D29006603A6 /* Sources */ = {
			isa = PBXSourcesBuildPhase;
			buildActionMask = 2147483647;
			files = (
				0E7FEAFD19472D29006603A6 /* SchUrlTests.m in Sources */,
			);
			runOnlyForDeploymentPostprocessing = 0;
		};
/* End PBXSourcesBuildPhase section */

/* Begin PBXTargetDependency section */
		0E7FEAF519472D29006603A6 /* PBXTargetDependency */ = {
			isa = PBXTargetDependency;
			target = 0E7FEACD19472D29006603A6 /* SchUrl */;
			targetProxy = 0E7FEAF419472D29006603A6 /* PBXContainerItemProxy */;
		};
/* End PBXTargetDependency section */

/* Begin PBXVariantGroup section */
		0E7FEADA19472D29006603A6 /* InfoPlist.strings */ = {
			isa = PBXVariantGroup;
			children = (
				0E7FEADB19472D29006603A6 /* en */,
			);
			name = InfoPlist.strings;
			sourceTree = "<group>";
		};
		0E7FEAE319472D29006603A6 /* Main.storyboard */ = {
			isa = PBXVariantGroup;
			children = (
				0E7FEAE419472D29006603A6 /* Base */,
			);
			name = Main.storyboard;
			sourceTree = "<group>";
		};
		0E7FEAF919472D29006603A6 /* InfoPlist.strings */ = {
			isa = PBXVariantGroup;
			children = (
				0E7FEAFA19472D29006603A6 /* en */,
			);
			name = InfoPlist.strings;
			sourceTree = "<group>";
		};
/* End PBXVariantGroup section */

/* Begin XCBuildConfiguration section */
		0E7FEAFE19472D29006603A6 /* Debug */ = {
			isa = XCBuildConfiguration;
			buildSettings = {
				ALWAYS_SEARCH_USER_PATHS = NO;
				CLANG_CXX_LANGUAGE_STANDARD = "gnu++0x";
				CLANG_CXX_LIBRARY = "libc++";
				CLANG_ENABLE_MODULES = YES;
				CLANG_ENABLE_OBJC_ARC = YES;
				CLANG_WARN_BOOL_CONVERSION = YES;
				CLANG_WARN_CONSTANT_CONVERSION = YES;
				CLANG_WARN_DIRECT_OBJC_ISA_USAGE = YES_ERROR;
				CLANG_WARN_EMPTY_BODY = YES;
				CLANG_WARN_ENUM_CONVERSION = YES;
				CLANG_WARN_INT_CONVERSION = YES;
				CLANG_WARN_OBJC_ROOT_CLASS = YES_ERROR;
				CLANG_WARN__DUPLICATE_METHOD_MATCH = YES;
				"CODE_SIGN_IDENTITY[sdk=iphoneos*]" = "iPhone Developer";
				COPY_PHASE_STRIP = NO;
				GCC_C_LANGUAGE_STANDARD = gnu99;
				GCC_DYNAMIC_NO_PIC = NO;
				GCC_OPTIMIZATION_LEVEL = 0;
				GCC_PREPROCESSOR_DEFINITIONS = (
					"DEBUG=1",
					"$(inherited)",
				);
				GCC_SYMBOLS_PRIVATE_EXTERN = NO;
				GCC_WARN_64_TO_32_BIT_CONVERSION = YES;
				GCC_WARN_ABOUT_RETURN_TYPE = YES_ERROR;
				GCC_WARN_UNDECLARED_SELECTOR = YES;
				GCC_WARN_UNINITIALIZED_AUTOS = YES_AGGRESSIVE;
				GCC_WARN_UNUSED_FUNCTION = YES;
				GCC_WARN_UNUSED_VARIABLE = YES;
				IPHONEOS_DEPLOYMENT_TARGET = 7.1;
				ONLY_ACTIVE_ARCH = YES;
				SDKROOT = iphoneos;
			};
			name = Debug;
		};
		0E7FEAFF19472D29006603A6 /* Release */ = {
			isa = XCBuildConfiguration;
			buildSettings = {
				ALWAYS_SEARCH_USER_PATHS = NO;
				CLANG_CXX_LANGUAGE_STANDARD = "gnu++0x";
				CLANG_CXX_LIBRARY = "libc++";
				CLANG_ENABLE_MODULES = YES;
				CLANG_ENABLE_OBJC_ARC = YES;
				CLANG_WARN_BOOL_CONVERSION = YES;
				CLANG_WARN_CONSTANT_CONVERSION = YES;
				CLANG_WARN_DIRECT_OBJC_ISA_USAGE = YES_ERROR;
				CLANG_WARN_EMPTY_BODY = YES;
				CLANG_WARN_ENUM_CONVERSION = YES;
				CLANG_WARN_INT_CONVERSION = YES;
				CLANG_WARN_OBJC_ROOT_CLASS = YES_ERROR;
				CLANG_WARN__DUPLICATE_METHOD_MATCH = YES;
				"CODE_SIGN_IDENTITY[sdk=iphoneos*]" = "iPhone Developer";
				COPY_PHASE_STRIP = YES;
				ENABLE_NS_ASSERTIONS = NO;
				GCC_C_LANGUAGE_STANDARD = gnu99;
				GCC_WARN_64_TO_32_BIT_CONVERSION = YES;
				GCC_WARN_ABOUT_RETURN_TYPE = YES_ERROR;
				GCC_WARN_UNDECLARED_SELECTOR = YES;
				GCC_WARN_UNINITIALIZED_AUTOS = YES_AGGRESSIVE;
				GCC_WARN_UNUSED_FUNCTION = YES;
				GCC_WARN_UNUSED_VARIABLE = YES;
				IPHONEOS_DEPLOYMENT_TARGET = 7.1;
				SDKROOT = iphoneos;
				VALIDATE_PRODUCT = YES;
			};
			name = Release;
		};
		0E7FEB0119472D29006603A6 /* Debug */ = {
			isa = XCBuildConfiguration;
			buildSettings = {
				ASSETCATALOG_COMPILER_APPICON_NAME = AppIcon;
				ASSETCATALOG_COMPILER_LAUNCHIMAGE_NAME = LaunchImage;
				GCC_PRECOMPILE_PREFIX_HEADER = YES;
				GCC_PREFIX_HEADER = "SchUrl/SchUrl-Prefix.pch";
				INFOPLIST_FILE = "SchUrl/SchUrl-Info.plist";
				PRODUCT_NAME = "$(TARGET_NAME)";
				WRAPPER_EXTENSION = app;
			};
			name = Debug;
		};
		0E7FEB0219472D29006603A6 /* Release */ = {
			isa = XCBuildConfiguration;
			buildSettings = {
				ASSETCATALOG_COMPILER_APPICON_NAME = AppIcon;
				ASSETCATALOG_COMPILER_LAUNCHIMAGE_NAME = LaunchImage;
				GCC_PRECOMPILE_PREFIX_HEADER = YES;
				GCC_PREFIX_HEADER = "SchUrl/SchUrl-Prefix.pch";
				INFOPLIST_FILE = "SchUrl/SchUrl-Info.plist";
				PRODUCT_NAME = "$(TARGET_NAME)";
				WRAPPER_EXTENSION = app;
			};
			name = Release;
		};
		0E7FEB0419472D29006603A6 /* Debug */ = {
			isa = XCBuildConfiguration;
			buildSettings = {
				BUNDLE_LOADER = "$(BUILT_PRODUCTS_DIR)/SchUrl.app/SchUrl";
				FRAMEWORK_SEARCH_PATHS = (
					"$(SDKROOT)/Developer/Library/Frameworks",
					"$(inherited)",
					"$(DEVELOPER_FRAMEWORKS_DIR)",
				);
				GCC_PRECOMPILE_PREFIX_HEADER = YES;
				GCC_PREFIX_HEADER = "SchUrl/SchUrl-Prefix.pch";
				GCC_PREPROCESSOR_DEFINITIONS = (
					"DEBUG=1",
					"$(inherited)",
				);
				INFOPLIST_FILE = "SchUrlTests/SchUrlTests-Info.plist";
				PRODUCT_NAME = "$(TARGET_NAME)";
				TEST_HOST = "$(BUNDLE_LOADER)";
				WRAPPER_EXTENSION = xctest;
			};
			name = Debug;
		};
		0E7FEB0519472D29006603A6 /* Release */ = {
			isa = XCBuildConfiguration;
			buildSettings = {
				BUNDLE_LOADER = "$(BUILT_PRODUCTS_DIR)/SchUrl.app/SchUrl";
				FRAMEWORK_SEARCH_PATHS = (
					"$(SDKROOT)/Developer/Library/Frameworks",
					"$(inherited)",
					"$(DEVELOPER_FRAMEWORKS_DIR)",
				);
				GCC_PRECOMPILE_PREFIX_HEADER = YES;
				GCC_PREFIX_HEADER = "SchUrl/SchUrl-Prefix.pch";
				INFOPLIST_FILE = "SchUrlTests/SchUrlTests-Info.plist";
				PRODUCT_NAME = "$(TARGET_NAME)";
				TEST_HOST = "$(BUNDLE_LOADER)";
				WRAPPER_EXTENSION = xctest;
			};
			name = Release;
		};
/* End XCBuildConfiguration section */

/* Begin XCConfigurationList section */
		0E7FEAC919472D29006603A6 /* Build configuration list for PBXProject "SchUrl" */ = {
			isa = XCConfigurationList;
			buildConfigurations = (
				0E7FEAFE19472D29006603A6 /* Debug */,
				0E7FEAFF19472D29006603A6 /* Release */,
			);
			defaultConfigurationIsVisible = 0;
			defaultConfigurationName = Release;
		};
		0E7FEB0019472D29006603A6 /* Build configuration list for PBXNativeTarget "SchUrl" */ = {
			isa = XCConfigurationList;
			buildConfigurations = (
				0E7FEB0119472D29006603A6 /* Debug */,
				0E7FEB0219472D29006603A6 /* Release */,
			);
			defaultConfigurationIsVisible = 0;
		};
		0E7FEB0319472D29006603A6 /* Build configuration list for PBXNativeTarget "SchUrlTests" */ = {
			isa = XCConfigurationList;
			buildConfigurations = (
				0E7FEB0419472D29006603A6 /* Debug */,
				0E7FEB0519472D29006603A6 /* Release */,
			);
			defaultConfigurationIsVisible = 0;
		};
/* End XCConfigurationList section */
	};
	rootObject = 0E7FEAC619472D29006603A6 /* Project object */;
}
